
Microsoft Visual Studio Solution File, Format Version 12.00
# Visual Studio Version 17
VisualStudioVersion = 17.7.34221.43
MinimumVisualStudioVersion = 10.0.40219.1
Project("{FAE04EC0-301F-11D3-BF4B-00C04F79EFBC}") = "Assignment17-part1", "Assignment17-part1.csproj", "{C35E4EFF-1697-4538-BF94-1E0B81F1DC9E}"
EndProject
Global
	GlobalSection(SolutionConfigurationPlatforms) = preSolution
		Debug|Any CPU = Debug|Any CPU
		Release|Any CPU = Release|Any CPU
	EndGlobalSection
	GlobalSection(ProjectConfigurationPlatforms) = postSolution
		{C35E4EFF-1697-4538-BF94-1E0B81F1DC9E}.Debug|Any CPU.ActiveCfg = Debug|Any CPU
		{C35E4EFF-1697-4538-BF94-1E0B81F1DC9E}.Debug|Any CPU.Build.0 = Debug|Any CPU
		{C35E4EFF-1697-4538-BF94-1E0B81F1DC9E}.Release|Any CPU.ActiveCfg = Release|Any CPU
		{C35E4EFF-1697-4538-BF94-1E0B81F1DC9E}.Release|Any CPU.Build.0 = Release|Any CPU
	EndGlobalSection
	GlobalSection(SolutionProperties) = preSolution
		HideSolutionNode = FALSE
	EndGlobalSection
	GlobalSection(ExtensibilityGlobals) = postSolution
		SolutionGuid = {B6D476F8-FA0A-4172-889C-59C32886662A}
	EndGlobalSection
EndGlobal
